github.com/facebookgo/atomicfile v0.0.0-20151019160806-2de1f203e7d5 h1:BBso6MBKW8ncyZLv37o+KNyy0HrrHgfnOaGQC2qvN+A=
github.com/facebookgo/atomicfile v0.0.0-20151019160806-2de1f203e7d5/go.mod h1:JpoxHjuQauoxiFMl1ie8Xc/7TfLuMZ5eOCONd1sUBHg=
github.com/facebookgo/pidfile v0.0.0-20150612191647-f242e2999868 h1:KZ75X3ZCl6yy4jg9R1ziYoCZFDBRqildm+fGComWU7U=
github.com/facebookgo/pidfile v0.0.0-20150612191647-f242e2999868/go.mod h1:3Hzo46xzfVpIdv4lJw7YBp9fUJ7HpUgbjH1fFDgy4qM=
gopkg.in/check.v1 v0.0.0-20161208181325-20d25e280405/go.mod h1:Co6ibVJAznAaIkqp8huTwlJQCZ016jof/cbN4VW5Yz0=
gopkg.in/yaml.v2 v2.2.2 h1:ZCJp+EgiOT7lHqUV2J862kp8Qj64Jo6az82+3Td9dZw=
gopkg.in/yaml.v2 v2.2.2/go.mod h1:hI93XBmqTisBFMUTm0b8Fm+jr3Dg1NNxqwp+5A1VGuI=
